// !$*UTF8*$!
{
	archiveVersion = 1;
	classes = {
	};
	objectVersion = 46;
	objects = {

/* Begin PBXBuildFile section */
		223D6A121E791D68000BE0D7 /* TOSplitViewController.m in Sources */ = {isa = PBXBuildFile; fileRef = 223D6A111E791D68000BE0D7 /* TOSplitViewController.m */; };
		224719E81E791A5D000886F9 /* main.m in Sources */ = {isa = PBXBuildFile; fileRef = 224719E71E791A5D000886F9 /* main.m */; };
		224719EB1E791A5D000886F9 /* AppDelegate.m in Sources */ = {isa = PBXBuildFile; fileRef = 224719EA1E791A5D000886F9 /* AppDelegate.m */; };
		224719EE1E791A5D000886F9 /* ViewController.m in Sources */ = {isa = PBXBuildFile; fileRef = 224719ED1E791A5D000886F9 /* ViewController.m */; };
		224719F11E791A5D000886F9 /* Main.storyboard in Resources */ = {isa = PBXBuildFile; fileRef = 224719EF1E791A5D000886F9 /* Main.storyboard */; };
		224719F31E791A5D000886F9 /* Assets.xcassets in Resources */ = {isa = PBXBuildFile; fileRef = 224719F21E791A5D000886F9 /* Assets.xcassets */; };
		224719F61E791A5D000886F9 /* LaunchScreen.storyboard in Resources */ = {isa = PBXBuildFile; fileRef = 224719F41E791A5D000886F9 /* LaunchScreen.storyboard */; };
/* End PBXBuildFile section */

/* Begin PBXFileReference section */
		223D6A101E791D68000BE0D7 /* TOSplitViewController.h */ = {isa = PBXFileReference; fileEncoding = 4; lastKnownFileType = sourcecode.c.h; path = TOSplitViewController.h; sourceTree = "<group>"; };
		223D6A111E791D68000BE0D7 /* TOSplitViewController.m */ = {isa = PBXFileReference; fileEncoding = 4; lastKnownFileType = sourcecode.c.objc; path = TOSplitViewController.m; sourceTree = "<group>"; };
		224719E31E791A5D000886F9 /* TOSplitViewControllerExample.app */ = {isa = PBXFileReference; explicitFileType = wrapper.application; includeInIndex = 0; path = TOSplitViewControllerExample.app; sourceTree = BUILT_PRODUCTS_DIR; };
		224719E71E791A5D000886F9 /* main.m */ = {isa = PBXFileReference; lastKnownFileType = sourcecode.c.objc; path = main.m; sourceTree = "<group>"; };
		224719E91E791A5D000886F9 /* AppDelegate.h */ = {isa = PBXFileReference; lastKnownFileType = sourcecode.c.h; path = AppDelegate.h; sourceTree = "<group>"; };
		224719EA1E791A5D000886F9 /* AppDelegate.m */ = {isa = PBXFileReference; lastKnownFileType = sourcecode.c.objc; path = AppDelegate.m; sourceTree = "<group>"; };
		224719EC1E791A5D000886F9 /* ViewController.h */ = {isa = PBXFileReference; lastKnownFileType = sourcecode.c.h; path = ViewController.h; sourceTree = "<group>"; };
		224719ED1E791A5D000886F9 /* ViewController.m */ = {isa = PBXFileReference; lastKnownFileType = sourcecode.c.objc; path = ViewController.m; sourceTree = "<group>"; };
		224719F01E791A5D000886F9 /* Base */ = {isa = PBXFileReference; lastKnownFileType = file.storyboard; name = Base; path = Base.lproj/Main.storyboard; sourceTree = "<group>"; };
		224719F21E791A5D000886F9 /* Assets.xcassets */ = {isa = PBXFileReference; lastKnownFileType = folder.assetcatalog; path = Assets.xcassets; sourceTree = "<group>"; };
		224719F51E791A5D000886F9 /* Base */ = {isa = PBXFileReference; lastKnownFileType = file.storyboard; name = Base; path = Base.lproj/LaunchScreen.storyboard; sourceTree = "<group>"; };
		224719F71E791A5D000886F9 /* Info.plist */ = {isa = PBXFileReference; lastKnownFileType = text.plist.xml; path = Info.plist; sourceTree = "<group>"; };
/* End PBXFileReference section */

/* Begin PBXFrameworksBuildPhase section */
		224719E01E791A5D000886F9 /* Frameworks */ = {
			isa = PBXFrameworksBuildPhase;
			buildActionMask = 2147483647;
			files = (
			);
			runOnlyForDeploymentPostprocessing = 0;
		};
/* End PBXFrameworksBuildPhase section */

/* Begin PBXGroup section */
		223D6A0F1E791D1C000BE0D7 /* TOSplitViewController */ = {
			isa = PBXGroup;
			children = (
				223D6A101E791D68000BE0D7 /* TOSplitViewController.h */,
				223D6A111E791D68000BE0D7 /* TOSplitViewController.m */,
			);
			path = TOSplitViewController;
			sourceTree = "<group>";
		};
		224719DA1E791A5D000886F9 = {
			isa = PBXGroup;
			children = (
				223D6A0F1E791D1C000BE0D7 /* TOSplitViewController */,
				224719E51E791A5D000886F9 /* TOSplitViewControllerExample */,
				224719E41E791A5D000886F9 /* Products */,
			);
			sourceTree = "<group>";
		};
		224719E41E791A5D000886F9 /* Products */ = {
			isa = PBXGroup;
			children = (
				224719E31E791A5D000886F9 /* TOSplitViewControllerExample.app */,
			);
			name = Products;
			sourceTree = "<group>";
		};
		224719E51E791A5D000886F9 /* TOSplitViewControllerExample */ = {
			isa = PBXGroup;
			children = (
				224719E91E791A5D000886F9 /* AppDelegate.h */,
				224719EA1E791A5D000886F9 /* AppDelegate.m */,
				224719EC1E791A5D000886F9 /* ViewController.h */,
				224719ED1E791A5D000886F9 /* ViewController.m */,
				224719EF1E791A5D000886F9 /* Main.storyboard */,
				224719F21E791A5D000886F9 /* Assets.xcassets */,
				224719F41E791A5D000886F9 /* LaunchScreen.storyboard */,
				224719F71E791A5D000886F9 /* Info.plist */,
				224719E61E791A5D000886F9 /* Supporting Files */,
			);
			path = TOSplitViewControllerExample;
			sourceTree = "<group>";
		};
		224719E61E791A5D000886F9 /* Supporting Files */ = {
			isa = PBXGroup;
			children = (
				224719E71E791A5D000886F9 /* main.m */,
			);
			name = "Supporting Files";
			sourceTree = "<group>";
		};
/* End PBXGroup section */

/* Begin PBXNativeTarget section */
		224719E21E791A5D000886F9 /* TOSplitViewControllerExample */ = {
			isa = PBXNativeTarget;
			buildConfigurationList = 224719FA1E791A5D000886F9 /* Build configuration list for PBXNativeTarget "TOSplitViewControllerExample" */;
			buildPhases = (
				224719DF1E791A5D000886F9 /* Sources */,
				224719E01E791A5D000886F9 /* Frameworks */,
				224719E11E791A5D000886F9 /* Resources */,
			);
			buildRules = (
			);
			dependencies = (
			);
			name = TOSplitViewControllerExample;
			productName = TOSplitViewControllerExample;
			productReference = 224719E31E791A5D000886F9 /* TOSplitViewControllerExample.app */;
			productType = "com.apple.product-type.application";
		};
/* End PBXNativeTarget section */

/* Begin PBXProject section */
		224719DB1E791A5D000886F9 /* Project object */ = {
			isa = PBXProject;
			attributes = {
				LastUpgradeCheck = 0820;
				ORGANIZATIONNAME = "Tim Oliver";
				TargetAttributes = {
					224719E21E791A5D000886F9 = {
						CreatedOnToolsVersion = 8.2;
						DevelopmentTeam = 6LF3GMKZAB;
						ProvisioningStyle = Automatic;
					};
				};
			};
			buildConfigurationList = 224719DE1E791A5D000886F9 /* Build configuration list for PBXProject "TOSplitViewControllerExample" */;
			compatibilityVersion = "Xcode 3.2";
			developmentRegion = English;
			hasScannedForEncodings = 0;
			knownRegions = (
				en,
				Base,
			);
			mainGroup = 224719DA1E791A5D000886F9;
			productRefGroup = 224719E41E791A5D000886F9 /* Products */;
			projectDirPath = "";
			projectRoot = "";
			targets = (
				224719E21E791A5D000886F9 /* TOSplitViewControllerExample */,
			);
		};
/* End PBXProject section */

/* Begin PBXResourcesBuildPhase section */
		224719E11E791A5D000886F9 /* Resources */ = {
			isa = PBXResourcesBuildPhase;
			buildActionMask = 2147483647;
			files = (
				224719F61E791A5D000886F9 /* LaunchScreen.storyboard in Resources */,
				224719F31E791A5D000886F9 /* Assets.xcassets in Resources */,
				224719F11E791A5D000886F9 /* Main.storyboard in Resources */,
			);
			runOnlyForDeploymentPostprocessing = 0;
		};
/* End PBXResourcesBuildPhase section */

/* Begin PBXSourcesBuildPhase section */
		224719DF1E791A5D000886F9 /* Sources */ = {
			isa = PBXSourcesBuildPhase;
			buildActionMask = 2147483647;
			files = (
				223D6A121E791D68000BE0D7 /* TOSplitViewController.m in Sources */,
				224719EE1E791A5D000886F9 /* ViewController.m in Sources */,
				224719EB1E791A5D000886F9 /* AppDelegate.m in Sources */,
				224719E81E791A5D000886F9 /* main.m in Sources */,
			);
			runOnlyForDeploymentPostprocessing = 0;
		};
/* End PBXSourcesBuildPhase section */

/* Begin PBXVariantGroup section */
		224719EF1E791A5D000886F9 /* Main.storyboard */ = {
			isa = PBXVariantGroup;
			children = (
				224719F01E791A5D000886F9 /* Base */,
			);
			name = Main.storyboard;
			sourceTree = "<group>";
		};
		224719F41E791A5D000886F9 /* LaunchScreen.storyboard */ = {
			isa = PBXVariantGroup;
			children = (
				224719F51E791A5D000886F9 /* Base */,
			);
			name = LaunchScreen.storyboard;
			sourceTree = "<group>";
		};
/* End PBXVariantGroup section */

/* Begin XCBuildConfiguration section */
		224719F81E791A5D000886F9 /* Debug */ = {
			isa = XCBuildConfiguration;
			buildSettings = {
				ALWAYS_SEARCH_USER_PATHS = NO;
				CLANG_ANALYZER_NONNULL = YES;
				CLANG_CXX_LANGUAGE_STANDARD = "gnu++0x";
				CLANG_CXX_LIBRARY = "libc++";
				CLANG_ENABLE_MODULES = YES;
				CLANG_ENABLE_OBJC_ARC = YES;
				CLANG_WARN_BOOL_CONVERSION = YES;
				CLANG_WARN_CONSTANT_CONVERSION = YES;
				CLANG_WARN_DIRECT_OBJC_ISA_USAGE = YES_ERROR;
				CLANG_WARN_DOCUMENTATION_COMMENTS = YES;
				CLANG_WARN_EMPTY_BODY = YES;
				CLANG_WARN_ENUM_CONVERSION = YES;
				CLANG_WARN_INFINITE_RECURSION = YES;
				CLANG_WARN_INT_CONVERSION = YES;
				CLANG_WARN_OBJC_ROOT_CLASS = YES_ERROR;
				CLANG_WARN_SUSPICIOUS_MOVE = YES;
				CLANG_WARN_UNREACHABLE_CODE = YES;
				CLANG_WARN__DUPLICATE_METHOD_MATCH = YES;
				"CODE_SIGN_IDENTITY[sdk=iphoneos*]" = "iPhone Developer";
				COPY_PHASE_STRIP = NO;
				DEBUG_INFORMATION_FORMAT = dwarf;
				ENABLE_STRICT_OBJC_MSGSEND = YES;
				ENABLE_TESTABILITY = YES;
				GCC_C_LANGUAGE_STANDARD = gnu99;
				GCC_DYNAMIC_NO_PIC = NO;
				GCC_NO_COMMON_BLOCKS = YES;
				GCC_OPTIMIZATION_LEVEL = 0;
				GCC_PREPROCESSOR_DEFINITIONS = (
					"DEBUG=1",
					"$(inherited)",
				);
				GCC_WARN_64_TO_32_BIT_CONVERSION = YES;
				GCC_WARN_ABOUT_RETURN_TYPE = YES_ERROR;
				GCC_WARN_UNDECLARED_SELECTOR = YES;
				GCC_WARN_UNINITIALIZED_AUTOS = YES_AGGRESSIVE;
				GCC_WARN_UNUSED_FUNCTION = YES;
				GCC_WARN_UNUSED_VARIABLE = YES;
				IPHONEOS_DEPLOYMENT_TARGET = 10.2;
				MTL_ENABLE_DEBUG_INFO = YES;
				ONLY_ACTIVE_ARCH = YES;
				SDKROOT = iphoneos;
				TARGETED_DEVICE_FAMILY = "1,2";
			};
			name = Debug;
		};
		224719F91E791A5D000886F9 /* Release */ = {
			isa = XCBuildConfiguration;
			buildSettings = {
				ALWAYS_SEARCH_USER_PATHS = NO;
				CLANG_ANALYZER_NONNULL = YES;
				CLANG_CXX_LANGUAGE_STANDARD = "gnu++0x";
				CLANG_CXX_LIBRARY = "libc++";
				CLANG_ENABLE_MODULES = YES;
				CLANG_ENABLE_OBJC_ARC = YES;
				CLANG_WARN_BOOL_CONVERSION = YES;
				CLANG_WARN_CONSTANT_CONVERSION = YES;
				CLANG_WARN_DIRECT_OBJC_ISA_USAGE = YES_ERROR;
				CLANG_WARN_DOCUMENTATION_COMMENTS = YES;
				CLANG_WARN_EMPTY_BODY = YES;
				CLANG_WARN_ENUM_CONVERSION = YES;
				CLANG_WARN_INFINITE_RECURSION = YES;
				CLANG_WARN_INT_CONVERSION = YES;
				CLANG_WARN_OBJC_ROOT_CLASS = YES_ERROR;
				CLANG_WARN_SUSPICIOUS_MOVE = YES;
				CLANG_WARN_UNREACHABLE_CODE = YES;
				CLANG_WARN__DUPLICATE_METHOD_MATCH = YES;
				"CODE_SIGN_IDENTITY[sdk=iphoneos*]" = "iPhone Developer";
				COPY_PHASE_STRIP = NO;
				DEBUG_INFORMATION_FORMAT = "dwarf-with-dsym";
				ENABLE_NS_ASSERTIONS = NO;
				ENABLE_STRICT_OBJC_MSGSEND = YES;
				GCC_C_LANGUAGE_STANDARD = gnu99;
				GCC_NO_COMMON_BLOCKS = YES;
				GCC_WARN_64_TO_32_BIT_CONVERSION = YES;
				GCC_WARN_ABOUT_RETURN_TYPE = YES_ERROR;
				GCC_WARN_UNDECLARED_SELECTOR = YES;
				GCC_WARN_UNINITIALIZED_AUTOS = YES_AGGRESSIVE;
				GCC_WARN_UNUSED_FUNCTION = YES;
				GCC_WARN_UNUSED_VARIABLE = YES;
				IPHONEOS_DEPLOYMENT_TARGET = 10.2;
				MTL_ENABLE_DEBUG_INFO = NO;
				SDKROOT = iphoneos;
				TARGETED_DEVICE_FAMILY = "1,2";
				VALIDATE_PRODUCT = YES;
			};
			name = Release;
		};
		224719FB1E791A5D000886F9 /* Debug */ = {
			isa = XCBuildConfiguration;
			buildSettings = {
				ASSETCATALOG_COMPILER_APPICON_NAME = AppIcon;
				DEVELOPMENT_TEAM = 6LF3GMKZAB;
				INFOPLIST_FILE = TOSplitViewControllerExample/Info.plist;
				LD_RUNPATH_SEARCH_PATHS = "$(inherited) @executable_path/Frameworks";
				PRODUCT_BUNDLE_IDENTIFIER = co.timoliver.TOSplitViewControllerExample;
				PRODUCT_NAME = "$(TARGET_NAME)";
			};
			name = Debug;
		};
		224719FC1E791A5D000886F9 /* Release */ = {
			isa = XCBuildConfiguration;
			buildSettings = {
				ASSETCATALOG_COMPILER_APPICON_NAME = AppIcon;
				DEVELOPMENT_TEAM = 6LF3GMKZAB;
				INFOPLIST_FILE = TOSplitViewControllerExample/Info.plist;
				LD_RUNPATH_SEARCH_PATHS = "$(inherited) @executable_path/Frameworks";
				PRODUCT_BUNDLE_IDENTIFIER = co.timoliver.TOSplitViewControllerExample;
				PRODUCT_NAME = "$(TARGET_NAME)";
			};
			name = Release;
		};
/* End XCBuildConfiguration section */

/* Begin XCConfigurationList section */
		224719DE1E791A5D000886F9 /* Build configuration list for PBXProject "TOSplitViewControllerExample" */ = {
			isa = XCConfigurationList;
			buildConfigurations = (
				224719F81E791A5D000886F9 /* Debug */,
				224719F91E791A5D000886F9 /* Release */,
			);
			defaultConfigurationIsVisible = 0;
			defaultConfigurationName = Release;
		};
		224719FA1E791A5D000886F9 /* Build configuration list for PBXNativeTarget "TOSplitViewControllerExample" */ = {
			isa = XCConfigurationList;
			buildConfigurations = (
				224719FB1E791A5D000886F9 /* Debug */,
				224719FC1E791A5D000886F9 /* Release */,
			);
			defaultConfigurationIsVisible = 0;
			defaultConfigurationName = Release;
		};
/* End XCConfigurationList section */
	};
	rootObject = 224719DB1E791A5D000886F9 /* Project object */;
}
